{
    "version": 3,
    "terraform_version": "0.11.7",
    "serial": 7,
    "lineage": "b865340a-0738-c91f-9000-25bd6b286a7f",
    "modules": [
        {
            "path": [
                "root"
            ],
            "outputs": {},
            "resources": {},
            "depends_on": []
        },
        {
            "path": [
                "root",
                "coinnode-us-east-1"
            ],
            "outputs": {},
            "resources": {
                "aws_instance.karbo": {
                    "type": "aws_instance",
                    "depends_on": [
                        "data.aws_ami.default"
                    ],
                    "primary": {
                        "id": "i-0d56617d33fa195e8",
                        "attributes": {
                            "ami": "ami-0b33d91d",
                            "associate_public_ip_address": "true",
                            "availability_zone": "us-east-1d",
                            "credit_specification.#": "1",
                            "credit_specification.0.cpu_credits": "standard",
                            "disable_api_termination": "false",
                            "ebs_block_device.#": "0",
                            "ebs_optimized": "false",
                            "ephemeral_block_device.#": "0",
                            "get_password_data": "false",
                            "iam_instance_profile": "",
                            "id": "i-0d56617d33fa195e8",
                            "instance_state": "running",
                            "instance_type": "t2.micro",
                            "ipv6_addresses.#": "0",
                            "key_name": "",
                            "monitoring": "false",
                            "network_interface.#": "0",
                            "network_interface_id": "eni-0ae6f912a71774f64",
                            "password_data": "",
                            "placement_group": "",
                            "primary_network_interface_id": "eni-0ae6f912a71774f64",
                            "private_dns": "ip-172-31-86-120.ec2.internal",
                            "private_ip": "172.31.86.120",
                            "public_dns": "ec2-34-227-163-112.compute-1.amazonaws.com",
                            "public_ip": "34.227.163.112",
                            "root_block_device.#": "1",
                            "root_block_device.0.delete_on_termination": "true",
                            "root_block_device.0.iops": "100",
                            "root_block_device.0.volume_id": "vol-01be1bc23d97e110e",
                            "root_block_device.0.volume_size": "8",
                            "root_block_device.0.volume_type": "gp2",
                            "security_groups.#": "1",
                            "security_groups.3814588639": "default",
                            "source_dest_check": "true",
                            "subnet_id": "subnet-6a818745",
                            "tags.%": "1",
                            "tags.Name": "coinnode-karbo",
                            "tenancy": "default",
                            "volume_tags.%": "0",
                            "vpc_security_group_ids.#": "1",
                            "vpc_security_group_ids.1067125208": "sg-5b888a2d"
                        },
                        "meta": {
                            "e2bfb730-ecaa-11e6-8f88-34363bc7c4c0": {
                                "create": 600000000000,
                                "delete": 1200000000000,
                                "update": 600000000000
                            },
                            "schema_version": "1"
                        },
                        "tainted": true
                    },
                    "deposed": [],
                    "provider": "module.coinnode-us-east-1.provider.aws"
                },
                "aws_key_pair.local": {
                    "type": "aws_key_pair",
                    "depends_on": [],
                    "primary": {
                        "id": "local",
                        "attributes": {
                            "id": "local",
                            "key_name": "local",
                            "public_key": "ssh-rsa AAAAB3NzaC1yc2EAAAADAQABAAABAQDDyHfIBLpGWzmOi35aSn7mjib+LN1GHKraWlas6aNW7lqB1QC0H2SnyDX3t9gPBbQ4ilnZWUf2/NK9DbxsnmQYb/XBEP0S5NfpALVYLgTudi5cBoQP8b9Z1/O9yUuIu0MTgETYYBrRT5mHVk0yMWiQ625RCjEQ1hDhVYQS5yO4k4T0yQYjZeGZmXZGL2J84+H5Hj+Og3cfWh3ndpqz93n7EAWHnIjNOKoyof8l59McKq36+K2cAJwE1r/ObZzM/vAT01q89Cqm4gMD+sB2/+GhqRmOaD/NmUYkBlQ6Sn8Cz0y6c1s6McUVZwUpIbbYKBgM6RVL/pT6w90lzfThX783 mour@lime.local"
                        },
                        "meta": {
                            "schema_version": "1"
                        },
                        "tainted": false
                    },
                    "deposed": [],
                    "provider": "module.coinnode-us-east-1.provider.aws"
                },
                "data.aws_ami.default": {
                    "type": "aws_ami",
                    "depends_on": [],
                    "primary": {
                        "id": "ami-0b33d91d",
                        "attributes": {
                            "architecture": "x86_64",
                            "block_device_mappings.#": "1",
                            "block_device_mappings.340275815.device_name": "/dev/xvda",
                            "block_device_mappings.340275815.ebs.%": "6",
                            "block_device_mappings.340275815.ebs.delete_on_termination": "true",
                            "block_device_mappings.340275815.ebs.encrypted": "false",
                            "block_device_mappings.340275815.ebs.iops": "0",
                            "block_device_mappings.340275815.ebs.snapshot_id": "snap-037f1f9e6c8ea4d65",
                            "block_device_mappings.340275815.ebs.volume_size": "8",
                            "block_device_mappings.340275815.ebs.volume_type": "gp2",
                            "block_device_mappings.340275815.no_device": "",
                            "block_device_mappings.340275815.virtual_name": "",
                            "creation_date": "2017-01-20T23:39:56.000Z",
                            "description": "Amazon Linux AMI 2016.09.1.20170119 x86_64 HVM GP2",
                            "filter.#": "4",
                            "filter.1281954306.name": "root-device-type",
                            "filter.1281954306.values.#": "1",
                            "filter.1281954306.values.0": "ebs",
                            "filter.3386043752.name": "architecture",
                            "filter.3386043752.values.#": "1",
                            "filter.3386043752.values.0": "x86_64",
                            "filter.405637799.name": "name",
                            "filter.405637799.values.#": "1",
                            "filter.405637799.values.0": "amzn-ami-hvm-2016.09*",
                            "filter.490168357.name": "virtualization-type",
                            "filter.490168357.values.#": "1",
                            "filter.490168357.values.0": "hvm",
                            "hypervisor": "xen",
                            "id": "ami-0b33d91d",
                            "image_id": "ami-0b33d91d",
                            "image_location": "amazon/amzn-ami-hvm-2016.09.1.20170119-x86_64-gp2",
                            "image_owner_alias": "amazon",
                            "image_type": "machine",
                            "most_recent": "true",
                            "name": "amzn-ami-hvm-2016.09.1.20170119-x86_64-gp2",
                            "owner_id": "137112412989",
                            "owners.#": "1",
                            "owners.0": "amazon",
                            "product_codes.#": "0",
                            "public": "true",
                            "root_device_name": "/dev/xvda",
                            "root_device_type": "ebs",
                            "root_snapshot_id": "snap-037f1f9e6c8ea4d65",
                            "sriov_net_support": "simple",
                            "state": "available",
                            "state_reason.%": "2",
                            "state_reason.code": "UNSET",
                            "state_reason.message": "UNSET",
                            "tags.%": "0",
                            "virtualization_type": "hvm"
                        },
                        "meta": {},
                        "tainted": false
                    },
                    "deposed": [],
                    "provider": "module.coinnode-us-east-1.provider.aws"
                }
            },
            "depends_on": []
        },
        {
            "path": [
                "root",
                "coinnode-us-east-2"
            ],
            "outputs": {},
            "resources": {
                "aws_instance.karbo": {
                    "type": "aws_instance",
                    "depends_on": [
                        "data.aws_ami.default"
                    ],
                    "primary": {
                        "id": "i-018914bcdffa29b1f",
                        "attributes": {
                            "ami": "ami-06547163",
                            "associate_public_ip_address": "true",
                            "availability_zone": "us-east-2c",
                            "credit_specification.#": "1",
                            "credit_specification.0.cpu_credits": "standard",
                            "disable_api_termination": "false",
                            "ebs_block_device.#": "0",
                            "ebs_optimized": "false",
                            "ephemeral_block_device.#": "0",
                            "get_password_data": "false",
                            "iam_instance_profile": "",
                            "id": "i-018914bcdffa29b1f",
                            "instance_state": "running",
                            "instance_type": "t2.micro",
                            "ipv6_addresses.#": "0",
                            "key_name": "",
                            "monitoring": "false",
                            "network_interface.#": "0",
                            "network_interface_id": "eni-0a7e59b5861ca8bbb",
                            "password_data": "",
                            "placement_group": "",
                            "primary_network_interface_id": "eni-0a7e59b5861ca8bbb",
                            "private_dns": "ip-172-31-36-131.us-east-2.compute.internal",
                            "private_ip": "172.31.36.131",
                            "public_dns": "ec2-18-188-11-248.us-east-2.compute.amazonaws.com",
                            "public_ip": "18.188.11.248",
                            "root_block_device.#": "1",
                            "root_block_device.0.delete_on_termination": "true",
                            "root_block_device.0.iops": "0",
                            "root_block_device.0.volume_id": "vol-0224f78caa949af02",
                            "root_block_device.0.volume_size": "8",
                            "root_block_device.0.volume_type": "standard",
                            "security_groups.#": "1",
                            "security_groups.3814588639": "default",
                            "source_dest_check": "true",
                            "subnet_id": "subnet-97c2fbda",
                            "tags.%": "1",
                            "tags.Name": "coinnode-karbo",
                            "tenancy": "default",
                            "volume_tags.%": "0",
                            "vpc_security_group_ids.#": "1",
                            "vpc_security_group_ids.1858985511": "sg-02124169"
                        },
                        "meta": {
                            "e2bfb730-ecaa-11e6-8f88-34363bc7c4c0": {
                                "create": 600000000000,
                                "delete": 1200000000000,
                                "update": 600000000000
                            },
                            "schema_version": "1"
                        },
                        "tainted": true
                    },
                    "deposed": [],
                    "provider": "module.coinnode-us-east-2.provider.aws"
                },
                "aws_key_pair.local": {
                    "type": "aws_key_pair",
                    "depends_on": [],
                    "primary": {
                        "id": "local",
                        "attributes": {
                            "id": "local",
                            "key_name": "local",
                            "public_key": "ssh-rsa AAAAB3NzaC1yc2EAAAADAQABAAABAQDDyHfIBLpGWzmOi35aSn7mjib+LN1GHKraWlas6aNW7lqB1QC0H2SnyDX3t9gPBbQ4ilnZWUf2/NK9DbxsnmQYb/XBEP0S5NfpALVYLgTudi5cBoQP8b9Z1/O9yUuIu0MTgETYYBrRT5mHVk0yMWiQ625RCjEQ1hDhVYQS5yO4k4T0yQYjZeGZmXZGL2J84+H5Hj+Og3cfWh3ndpqz93n7EAWHnIjNOKoyof8l59McKq36+K2cAJwE1r/ObZzM/vAT01q89Cqm4gMD+sB2/+GhqRmOaD/NmUYkBlQ6Sn8Cz0y6c1s6McUVZwUpIbbYKBgM6RVL/pT6w90lzfThX783 mour@lime.local"
                        },
                        "meta": {
                            "schema_version": "1"
                        },
                        "tainted": false
                    },
                    "deposed": [],
                    "provider": "module.coinnode-us-east-2.provider.aws"
                },
                "data.aws_ami.default": {
                    "type": "aws_ami",
                    "depends_on": [],
                    "primary": {
                        "id": "ami-06547163",
                        "attributes": {
                            "architecture": "x86_64",
                            "block_device_mappings.#": "1",
                            "block_device_mappings.3607311014.device_name": "/dev/xvda",
                            "block_device_mappings.3607311014.ebs.%": "6",
                            "block_device_mappings.3607311014.ebs.delete_on_termination": "true",
                            "block_device_mappings.3607311014.ebs.encrypted": "false",
                            "block_device_mappings.3607311014.ebs.iops": "0",
                            "block_device_mappings.3607311014.ebs.snapshot_id": "snap-0e4303279e2b53915",
                            "block_device_mappings.3607311014.ebs.volume_size": "8",
                            "block_device_mappings.3607311014.ebs.volume_type": "standard",
                            "block_device_mappings.3607311014.no_device": "",
                            "block_device_mappings.3607311014.virtual_name": "",
                            "creation_date": "2017-01-20T23:39:56.000Z",
                            "description": "Amazon Linux AMI 2016.09.1.20170119 x86_64 HVM EBS",
                            "filter.#": "4",
                            "filter.1281954306.name": "root-device-type",
                            "filter.1281954306.values.#": "1",
                            "filter.1281954306.values.0": "ebs",
                            "filter.3386043752.name": "architecture",
                            "filter.3386043752.values.#": "1",
                            "filter.3386043752.values.0": "x86_64",
                            "filter.405637799.name": "name",
                            "filter.405637799.values.#": "1",
                            "filter.405637799.values.0": "amzn-ami-hvm-2016.09*",
                            "filter.490168357.name": "virtualization-type",
                            "filter.490168357.values.#": "1",
                            "filter.490168357.values.0": "hvm",
                            "hypervisor": "xen",
                            "id": "ami-06547163",
                            "image_id": "ami-06547163",
                            "image_location": "amazon/amzn-ami-hvm-2016.09.1.20170119-x86_64-ebs",
                            "image_owner_alias": "amazon",
                            "image_type": "machine",
                            "most_recent": "true",
                            "name": "amzn-ami-hvm-2016.09.1.20170119-x86_64-ebs",
                            "owner_id": "137112412989",
                            "owners.#": "1",
                            "owners.0": "amazon",
                            "product_codes.#": "0",
                            "public": "true",
                            "root_device_name": "/dev/xvda",
                            "root_device_type": "ebs",
                            "root_snapshot_id": "snap-0e4303279e2b53915",
                            "sriov_net_support": "simple",
                            "state": "available",
                            "state_reason.%": "2",
                            "state_reason.code": "UNSET",
                            "state_reason.message": "UNSET",
                            "tags.%": "0",
                            "virtualization_type": "hvm"
                        },
                        "meta": {},
                        "tainted": false
                    },
                    "deposed": [],
                    "provider": "module.coinnode-us-east-2.provider.aws"
                }
            },
            "depends_on": []
        },
        {
            "path": [
                "root",
                "coinnode-us-west-1"
            ],
            "outputs": {},
            "resources": {
                "aws_instance.karbo": {
                    "type": "aws_instance",
                    "depends_on": [
                        "data.aws_ami.default"
                    ],
                    "primary": {
                        "id": "i-0b8d96969adeb296b",
                        "attributes": {
                            "ami": "ami-165a0876",
                            "associate_public_ip_address": "true",
                            "availability_zone": "us-west-1b",
                            "credit_specification.#": "1",
                            "credit_specification.0.cpu_credits": "standard",
                            "disable_api_termination": "false",
                            "ebs_block_device.#": "0",
                            "ebs_optimized": "false",
                            "ephemeral_block_device.#": "0",
                            "get_password_data": "false",
                            "iam_instance_profile": "",
                            "id": "i-0b8d96969adeb296b",
                            "instance_state": "running",
                            "instance_type": "t2.micro",
                            "ipv6_addresses.#": "0",
                            "key_name": "",
                            "monitoring": "false",
                            "network_interface.#": "0",
                            "network_interface_id": "eni-010e9e5c4cb713fb5",
                            "password_data": "",
                            "placement_group": "",
                            "primary_network_interface_id": "eni-010e9e5c4cb713fb5",
                            "private_dns": "ip-172-31-4-172.us-west-1.compute.internal",
                            "private_ip": "172.31.4.172",
                            "public_dns": "ec2-13-57-37-217.us-west-1.compute.amazonaws.com",
                            "public_ip": "13.57.37.217",
                            "root_block_device.#": "1",
                            "root_block_device.0.delete_on_termination": "true",
                            "root_block_device.0.iops": "100",
                            "root_block_device.0.volume_id": "vol-00dd95dbb9d45ddf3",
                            "root_block_device.0.volume_size": "8",
                            "root_block_device.0.volume_type": "gp2",
                            "security_groups.#": "1",
                            "security_groups.3814588639": "default",
                            "source_dest_check": "true",
                            "subnet_id": "subnet-f75d30ac",
                            "tags.%": "1",
                            "tags.Name": "coinnode-karbo",
                            "tenancy": "default",
                            "volume_tags.%": "0",
                            "vpc_security_group_ids.#": "1",
                            "vpc_security_group_ids.893039746": "sg-1ecfef67"
                        },
                        "meta": {
                            "e2bfb730-ecaa-11e6-8f88-34363bc7c4c0": {
                                "create": 600000000000,
                                "delete": 1200000000000,
                                "update": 600000000000
                            },
                            "schema_version": "1"
                        },
                        "tainted": true
                    },
                    "deposed": [],
                    "provider": "module.coinnode-us-west-1.provider.aws"
                },
                "aws_key_pair.local": {
                    "type": "aws_key_pair",
                    "depends_on": [],
                    "primary": {
                        "id": "local",
                        "attributes": {
                            "id": "local",
                            "key_name": "local",
                            "public_key": "ssh-rsa AAAAB3NzaC1yc2EAAAADAQABAAABAQDDyHfIBLpGWzmOi35aSn7mjib+LN1GHKraWlas6aNW7lqB1QC0H2SnyDX3t9gPBbQ4ilnZWUf2/NK9DbxsnmQYb/XBEP0S5NfpALVYLgTudi5cBoQP8b9Z1/O9yUuIu0MTgETYYBrRT5mHVk0yMWiQ625RCjEQ1hDhVYQS5yO4k4T0yQYjZeGZmXZGL2J84+H5Hj+Og3cfWh3ndpqz93n7EAWHnIjNOKoyof8l59McKq36+K2cAJwE1r/ObZzM/vAT01q89Cqm4gMD+sB2/+GhqRmOaD/NmUYkBlQ6Sn8Cz0y6c1s6McUVZwUpIbbYKBgM6RVL/pT6w90lzfThX783 mour@lime.local"
                        },
                        "meta": {
                            "schema_version": "1"
                        },
                        "tainted": false
                    },
                    "deposed": [],
                    "provider": "module.coinnode-us-west-1.provider.aws"
                },
                "data.aws_ami.default": {
                    "type": "aws_ami",
                    "depends_on": [],
                    "primary": {
                        "id": "ami-165a0876",
                        "attributes": {
                            "architecture": "x86_64",
                            "block_device_mappings.#": "1",
                            "block_device_mappings.340275815.device_name": "/dev/xvda",
                            "block_device_mappings.340275815.ebs.%": "6",
                            "block_device_mappings.340275815.ebs.delete_on_termination": "true",
                            "block_device_mappings.340275815.ebs.encrypted": "false",
                            "block_device_mappings.340275815.ebs.iops": "0",
                            "block_device_mappings.340275815.ebs.snapshot_id": "snap-03854861914ef9cc1",
                            "block_device_mappings.340275815.ebs.volume_size": "8",
                            "block_device_mappings.340275815.ebs.volume_type": "gp2",
                            "block_device_mappings.340275815.no_device": "",
                            "block_device_mappings.340275815.virtual_name": "",
                            "creation_date": "2017-01-20T23:39:56.000Z",
                            "description": "Amazon Linux AMI 2016.09.1.20170119 x86_64 HVM GP2",
                            "filter.#": "4",
                            "filter.1281954306.name": "root-device-type",
                            "filter.1281954306.values.#": "1",
                            "filter.1281954306.values.0": "ebs",
                            "filter.3386043752.name": "architecture",
                            "filter.3386043752.values.#": "1",
                            "filter.3386043752.values.0": "x86_64",
                            "filter.405637799.name": "name",
                            "filter.405637799.values.#": "1",
                            "filter.405637799.values.0": "amzn-ami-hvm-2016.09*",
                            "filter.490168357.name": "virtualization-type",
                            "filter.490168357.values.#": "1",
                            "filter.490168357.values.0": "hvm",
                            "hypervisor": "xen",
                            "id": "ami-165a0876",
                            "image_id": "ami-165a0876",
                            "image_location": "amazon/amzn-ami-hvm-2016.09.1.20170119-x86_64-gp2",
                            "image_owner_alias": "amazon",
                            "image_type": "machine",
                            "most_recent": "true",
                            "name": "amzn-ami-hvm-2016.09.1.20170119-x86_64-gp2",
                            "owner_id": "137112412989",
                            "owners.#": "1",
                            "owners.0": "amazon",
                            "product_codes.#": "0",
                            "public": "true",
                            "root_device_name": "/dev/xvda",
                            "root_device_type": "ebs",
                            "root_snapshot_id": "snap-03854861914ef9cc1",
                            "sriov_net_support": "simple",
                            "state": "available",
                            "state_reason.%": "2",
                            "state_reason.code": "UNSET",
                            "state_reason.message": "UNSET",
                            "tags.%": "0",
                            "virtualization_type": "hvm"
                        },
                        "meta": {},
                        "tainted": false
                    },
                    "deposed": [],
                    "provider": "module.coinnode-us-west-1.provider.aws"
                }
            },
            "depends_on": []
        }
    ]
}
