{
    "version": 3,
    "terraform_version": "0.11.7",
    "serial": 14,
    "lineage": "b865340a-0738-c91f-9000-25bd6b286a7f",
    "modules": [
        {
            "path": [
                "root"
            ],
            "outputs": {},
            "resources": {},
            "depends_on": []
        },
        {
            "path": [
                "root",
                "coinnode-us-east-1"
            ],
            "outputs": {},
            "resources": {
                "aws_instance.karbo": {
                    "type": "aws_instance",
                    "depends_on": [
                        "aws_key_pair.local",
                        "data.aws_ami.default"
                    ],
                    "primary": {
                        "id": "i-019ddb921c9a8f428",
                        "attributes": {
                            "ami": "ami-f9d10f86",
                            "associate_public_ip_address": "true",
                            "availability_zone": "us-east-1a",
                            "credit_specification.#": "1",
                            "credit_specification.0.cpu_credits": "standard",
                            "disable_api_termination": "false",
                            "ebs_block_device.#": "0",
                            "ebs_optimized": "false",
                            "ephemeral_block_device.#": "0",
                            "get_password_data": "false",
                            "iam_instance_profile": "",
                            "id": "i-019ddb921c9a8f428",
                            "instance_state": "running",
                            "instance_type": "t2.micro",
                            "ipv6_addresses.#": "0",
                            "key_name": "local",
                            "monitoring": "false",
                            "network_interface.#": "0",
                            "network_interface_id": "eni-05ab8719b4151ed57",
                            "password_data": "",
                            "placement_group": "",
                            "primary_network_interface_id": "eni-05ab8719b4151ed57",
                            "private_dns": "ip-172-31-21-238.ec2.internal",
                            "private_ip": "172.31.21.238",
                            "public_dns": "ec2-34-204-45-1.compute-1.amazonaws.com",
                            "public_ip": "34.204.45.1",
                            "root_block_device.#": "1",
                            "root_block_device.0.delete_on_termination": "true",
                            "root_block_device.0.iops": "100",
                            "root_block_device.0.volume_id": "vol-0e7f34584c9308300",
                            "root_block_device.0.volume_size": "10",
                            "root_block_device.0.volume_type": "gp2",
                            "security_groups.#": "1",
                            "security_groups.3814588639": "default",
                            "source_dest_check": "true",
                            "subnet_id": "subnet-adab60e7",
                            "tags.%": "1",
                            "tags.Name": "coinnode-karbo",
                            "tenancy": "default",
                            "volume_tags.%": "0",
                            "vpc_security_group_ids.#": "1",
                            "vpc_security_group_ids.1067125208": "sg-5b888a2d"
                        },
                        "meta": {
                            "e2bfb730-ecaa-11e6-8f88-34363bc7c4c0": {
                                "create": 600000000000,
                                "delete": 1200000000000,
                                "update": 600000000000
                            },
                            "schema_version": "1"
                        },
                        "tainted": true
                    },
                    "deposed": [],
                    "provider": "module.coinnode-us-east-1.provider.aws"
                },
                "aws_key_pair.local": {
                    "type": "aws_key_pair",
                    "depends_on": [],
                    "primary": {
                        "id": "local",
                        "attributes": {
                            "id": "local",
                            "key_name": "local",
                            "public_key": "ssh-rsa AAAAB3NzaC1yc2EAAAADAQABAAABAQCuUuaWcJJRhcuv3FuyNHcqMljoV9zJH6gEPxDjqUs64RrF5ULUz5PsflfX6a0h9Wt63QZoFwgbN4mxu4Q5ZUfBD5vaUbaeOJYp/nuDJI3THSzC9+0FYUb+0XQwzZ4UJFXT/N/dcPa8d549RF3fgeSckM9CnNVR3NrrSscbFi1ss8ANTfWLXj3C0zdqMDYjCLNBA3IH3VxvYQRtgxxnLjplbfhiy4LmTMPaMcaipiaOQj+D2cqCh81V/EWVRnJoiHgYcv47JLip8p4DZijlJwOzHPKKIBa4gp82begCursTDAzYwsJa0Hq67iYRxzHpNViklFYgIs6VRTRqmMjZBpAP mour@Envy"
                        },
                        "meta": {
                            "schema_version": "1"
                        },
                        "tainted": false
                    },
                    "deposed": [],
                    "provider": "module.coinnode-us-east-1.provider.aws"
                },
                "data.aws_ami.default": {
                    "type": "aws_ami",
                    "depends_on": [],
                    "primary": {
                        "id": "ami-f9d10f86",
                        "attributes": {
                            "architecture": "x86_64",
                            "block_device_mappings.#": "1",
                            "block_device_mappings.3689138532.device_name": "/dev/xvda",
                            "block_device_mappings.3689138532.ebs.%": "6",
                            "block_device_mappings.3689138532.ebs.delete_on_termination": "true",
                            "block_device_mappings.3689138532.ebs.encrypted": "false",
                            "block_device_mappings.3689138532.ebs.iops": "0",
                            "block_device_mappings.3689138532.ebs.snapshot_id": "snap-090a9a55fe70be3e0",
                            "block_device_mappings.3689138532.ebs.volume_size": "10",
                            "block_device_mappings.3689138532.ebs.volume_type": "gp2",
                            "block_device_mappings.3689138532.no_device": "",
                            "block_device_mappings.3689138532.virtual_name": "",
                            "creation_date": "2018-04-10T20:17:17.000Z",
                            "description": "Ubuntu Server 16.04 with SQL Server 2017 Web Edition AMI provided by Amazon",
                            "filter.#": "4",
                            "filter.1281954306.name": "root-device-type",
                            "filter.1281954306.values.#": "1",
                            "filter.1281954306.values.0": "ebs",
                            "filter.1333133180.name": "name",
                            "filter.1333133180.values.#": "1",
                            "filter.1333133180.values.0": "ubuntu-xenial-16.04*",
                            "filter.3386043752.name": "architecture",
                            "filter.3386043752.values.#": "1",
                            "filter.3386043752.values.0": "x86_64",
                            "filter.490168357.name": "virtualization-type",
                            "filter.490168357.values.#": "1",
                            "filter.490168357.values.0": "hvm",
                            "hypervisor": "xen",
                            "id": "ami-f9d10f86",
                            "image_id": "ami-f9d10f86",
                            "image_location": "amazon/ubuntu-xenial-16.04-amd64-server-20180306-SQL_2017_Web-2018.04.10",
                            "image_owner_alias": "amazon",
                            "image_type": "machine",
                            "most_recent": "true",
                            "name": "ubuntu-xenial-16.04-amd64-server-20180306-SQL_2017_Web-2018.04.10",
                            "owner_id": "801119661308",
                            "owners.#": "1",
                            "owners.0": "amazon",
                            "product_codes.#": "0",
                            "public": "true",
                            "root_device_name": "/dev/xvda",
                            "root_device_type": "ebs",
                            "root_snapshot_id": "snap-090a9a55fe70be3e0",
                            "sriov_net_support": "simple",
                            "state": "available",
                            "state_reason.%": "2",
                            "state_reason.code": "UNSET",
                            "state_reason.message": "UNSET",
                            "tags.%": "0",
                            "virtualization_type": "hvm"
                        },
                        "meta": {},
                        "tainted": false
                    },
                    "deposed": [],
                    "provider": "module.coinnode-us-east-1.provider.aws"
                }
            },
            "depends_on": []
        },
        {
            "path": [
                "root",
                "coinnode-us-east-2"
            ],
            "outputs": {},
            "resources": {
                "aws_instance.karbo": {
                    "type": "aws_instance",
                    "depends_on": [
                        "aws_key_pair.local",
                        "data.aws_ami.default"
                    ],
                    "primary": {
                        "id": "i-01f512558fa01d20c",
                        "attributes": {
                            "ami": "ami-80a898e5",
                            "associate_public_ip_address": "true",
                            "availability_zone": "us-east-2b",
                            "credit_specification.#": "1",
                            "credit_specification.0.cpu_credits": "standard",
                            "disable_api_termination": "false",
                            "ebs_block_device.#": "0",
                            "ebs_optimized": "false",
                            "ephemeral_block_device.#": "0",
                            "get_password_data": "false",
                            "iam_instance_profile": "",
                            "id": "i-01f512558fa01d20c",
                            "instance_state": "running",
                            "instance_type": "t2.micro",
                            "ipv6_addresses.#": "0",
                            "key_name": "local",
                            "monitoring": "false",
                            "network_interface.#": "0",
                            "network_interface_id": "eni-0b8af356c732a7f90",
                            "password_data": "",
                            "placement_group": "",
                            "primary_network_interface_id": "eni-0b8af356c732a7f90",
                            "private_dns": "ip-172-31-17-137.us-east-2.compute.internal",
                            "private_ip": "172.31.17.137",
                            "public_dns": "ec2-52-15-207-102.us-east-2.compute.amazonaws.com",
                            "public_ip": "52.15.207.102",
                            "root_block_device.#": "1",
                            "root_block_device.0.delete_on_termination": "true",
                            "root_block_device.0.iops": "100",
                            "root_block_device.0.volume_id": "vol-03de07d192ff345c1",
                            "root_block_device.0.volume_size": "10",
                            "root_block_device.0.volume_type": "gp2",
                            "security_groups.#": "1",
                            "security_groups.3814588639": "default",
                            "source_dest_check": "true",
                            "subnet_id": "subnet-d01ed2aa",
                            "tags.%": "1",
                            "tags.Name": "coinnode-karbo",
                            "tenancy": "default",
                            "volume_tags.%": "0",
                            "vpc_security_group_ids.#": "1",
                            "vpc_security_group_ids.1858985511": "sg-02124169"
                        },
                        "meta": {
                            "e2bfb730-ecaa-11e6-8f88-34363bc7c4c0": {
                                "create": 600000000000,
                                "delete": 1200000000000,
                                "update": 600000000000
                            },
                            "schema_version": "1"
                        },
                        "tainted": true
                    },
                    "deposed": [],
                    "provider": "module.coinnode-us-east-2.provider.aws"
                },
                "aws_key_pair.local": {
                    "type": "aws_key_pair",
                    "depends_on": [],
                    "primary": {
                        "id": "local",
                        "attributes": {
                            "id": "local",
                            "key_name": "local",
                            "public_key": "ssh-rsa AAAAB3NzaC1yc2EAAAADAQABAAABAQCuUuaWcJJRhcuv3FuyNHcqMljoV9zJH6gEPxDjqUs64RrF5ULUz5PsflfX6a0h9Wt63QZoFwgbN4mxu4Q5ZUfBD5vaUbaeOJYp/nuDJI3THSzC9+0FYUb+0XQwzZ4UJFXT/N/dcPa8d549RF3fgeSckM9CnNVR3NrrSscbFi1ss8ANTfWLXj3C0zdqMDYjCLNBA3IH3VxvYQRtgxxnLjplbfhiy4LmTMPaMcaipiaOQj+D2cqCh81V/EWVRnJoiHgYcv47JLip8p4DZijlJwOzHPKKIBa4gp82begCursTDAzYwsJa0Hq67iYRxzHpNViklFYgIs6VRTRqmMjZBpAP mour@Envy"
                        },
                        "meta": {
                            "schema_version": "1"
                        },
                        "tainted": false
                    },
                    "deposed": [],
                    "provider": "module.coinnode-us-east-2.provider.aws"
                },
                "data.aws_ami.default": {
                    "type": "aws_ami",
                    "depends_on": [],
                    "primary": {
                        "id": "ami-80a898e5",
                        "attributes": {
                            "architecture": "x86_64",
                            "block_device_mappings.#": "1",
                            "block_device_mappings.3689138532.device_name": "/dev/xvda",
                            "block_device_mappings.3689138532.ebs.%": "6",
                            "block_device_mappings.3689138532.ebs.delete_on_termination": "true",
                            "block_device_mappings.3689138532.ebs.encrypted": "false",
                            "block_device_mappings.3689138532.ebs.iops": "0",
                            "block_device_mappings.3689138532.ebs.snapshot_id": "snap-042a0c9ce220be856",
                            "block_device_mappings.3689138532.ebs.volume_size": "10",
                            "block_device_mappings.3689138532.ebs.volume_type": "gp2",
                            "block_device_mappings.3689138532.no_device": "",
                            "block_device_mappings.3689138532.virtual_name": "",
                            "creation_date": "2018-04-10T22:57:18.000Z",
                            "description": "Ubuntu Server 16.04 with SQL Server 2017 Web Edition AMI provided by Amazon",
                            "filter.#": "4",
                            "filter.1281954306.name": "root-device-type",
                            "filter.1281954306.values.#": "1",
                            "filter.1281954306.values.0": "ebs",
                            "filter.1333133180.name": "name",
                            "filter.1333133180.values.#": "1",
                            "filter.1333133180.values.0": "ubuntu-xenial-16.04*",
                            "filter.3386043752.name": "architecture",
                            "filter.3386043752.values.#": "1",
                            "filter.3386043752.values.0": "x86_64",
                            "filter.490168357.name": "virtualization-type",
                            "filter.490168357.values.#": "1",
                            "filter.490168357.values.0": "hvm",
                            "hypervisor": "xen",
                            "id": "ami-80a898e5",
                            "image_id": "ami-80a898e5",
                            "image_location": "amazon/ubuntu-xenial-16.04-amd64-server-20180306-SQL_2017_Web-2018.04.10",
                            "image_owner_alias": "amazon",
                            "image_type": "machine",
                            "most_recent": "true",
                            "name": "ubuntu-xenial-16.04-amd64-server-20180306-SQL_2017_Web-2018.04.10",
                            "owner_id": "801119661308",
                            "owners.#": "1",
                            "owners.0": "amazon",
                            "product_codes.#": "0",
                            "public": "true",
                            "root_device_name": "/dev/xvda",
                            "root_device_type": "ebs",
                            "root_snapshot_id": "snap-042a0c9ce220be856",
                            "sriov_net_support": "simple",
                            "state": "available",
                            "state_reason.%": "2",
                            "state_reason.code": "UNSET",
                            "state_reason.message": "UNSET",
                            "tags.%": "0",
                            "virtualization_type": "hvm"
                        },
                        "meta": {},
                        "tainted": false
                    },
                    "deposed": [],
                    "provider": "module.coinnode-us-east-2.provider.aws"
                }
            },
            "depends_on": []
        },
        {
            "path": [
                "root",
                "coinnode-us-west-1"
            ],
            "outputs": {},
            "resources": {
                "aws_instance.karbo": {
                    "type": "aws_instance",
                    "depends_on": [
                        "aws_key_pair.local",
                        "data.aws_ami.default"
                    ],
                    "primary": {
                        "id": "i-0fb25b7c3a753af8c",
                        "attributes": {
                            "ami": "ami-8a0112ea",
                            "associate_public_ip_address": "true",
                            "availability_zone": "us-west-1b",
                            "credit_specification.#": "1",
                            "credit_specification.0.cpu_credits": "standard",
                            "disable_api_termination": "false",
                            "ebs_block_device.#": "0",
                            "ebs_optimized": "false",
                            "ephemeral_block_device.#": "0",
                            "get_password_data": "false",
                            "iam_instance_profile": "",
                            "id": "i-0fb25b7c3a753af8c",
                            "instance_state": "running",
                            "instance_type": "t2.micro",
                            "ipv6_addresses.#": "0",
                            "key_name": "local",
                            "monitoring": "false",
                            "network_interface.#": "0",
                            "network_interface_id": "eni-02d8cddfa01516d22",
                            "password_data": "",
                            "placement_group": "",
                            "primary_network_interface_id": "eni-02d8cddfa01516d22",
                            "private_dns": "ip-172-31-2-239.us-west-1.compute.internal",
                            "private_ip": "172.31.2.239",
                            "public_dns": "ec2-54-153-47-132.us-west-1.compute.amazonaws.com",
                            "public_ip": "54.153.47.132",
                            "root_block_device.#": "1",
                            "root_block_device.0.delete_on_termination": "true",
                            "root_block_device.0.iops": "100",
                            "root_block_device.0.volume_id": "vol-0ffe39892634d45f0",
                            "root_block_device.0.volume_size": "10",
                            "root_block_device.0.volume_type": "gp2",
                            "security_groups.#": "1",
                            "security_groups.3814588639": "default",
                            "source_dest_check": "true",
                            "subnet_id": "subnet-f75d30ac",
                            "tags.%": "1",
                            "tags.Name": "coinnode-karbo",
                            "tenancy": "default",
                            "volume_tags.%": "0",
                            "vpc_security_group_ids.#": "1",
                            "vpc_security_group_ids.893039746": "sg-1ecfef67"
                        },
                        "meta": {
                            "e2bfb730-ecaa-11e6-8f88-34363bc7c4c0": {
                                "create": 600000000000,
                                "delete": 1200000000000,
                                "update": 600000000000
                            },
                            "schema_version": "1"
                        },
                        "tainted": true
                    },
                    "deposed": [],
                    "provider": "module.coinnode-us-west-1.provider.aws"
                },
                "aws_key_pair.local": {
                    "type": "aws_key_pair",
                    "depends_on": [],
                    "primary": {
                        "id": "local",
                        "attributes": {
                            "id": "local",
                            "key_name": "local",
                            "public_key": "ssh-rsa AAAAB3NzaC1yc2EAAAADAQABAAABAQCuUuaWcJJRhcuv3FuyNHcqMljoV9zJH6gEPxDjqUs64RrF5ULUz5PsflfX6a0h9Wt63QZoFwgbN4mxu4Q5ZUfBD5vaUbaeOJYp/nuDJI3THSzC9+0FYUb+0XQwzZ4UJFXT/N/dcPa8d549RF3fgeSckM9CnNVR3NrrSscbFi1ss8ANTfWLXj3C0zdqMDYjCLNBA3IH3VxvYQRtgxxnLjplbfhiy4LmTMPaMcaipiaOQj+D2cqCh81V/EWVRnJoiHgYcv47JLip8p4DZijlJwOzHPKKIBa4gp82begCursTDAzYwsJa0Hq67iYRxzHpNViklFYgIs6VRTRqmMjZBpAP mour@Envy"
                        },
                        "meta": {
                            "schema_version": "1"
                        },
                        "tainted": false
                    },
                    "deposed": [],
                    "provider": "module.coinnode-us-west-1.provider.aws"
                },
                "data.aws_ami.default": {
                    "type": "aws_ami",
                    "depends_on": [],
                    "primary": {
                        "id": "ami-8a0112ea",
                        "attributes": {
                            "architecture": "x86_64",
                            "block_device_mappings.#": "1",
                            "block_device_mappings.3689138532.device_name": "/dev/xvda",
                            "block_device_mappings.3689138532.ebs.%": "6",
                            "block_device_mappings.3689138532.ebs.delete_on_termination": "true",
                            "block_device_mappings.3689138532.ebs.encrypted": "false",
                            "block_device_mappings.3689138532.ebs.iops": "0",
                            "block_device_mappings.3689138532.ebs.snapshot_id": "snap-0eff6405d03f7bcb8",
                            "block_device_mappings.3689138532.ebs.volume_size": "10",
                            "block_device_mappings.3689138532.ebs.volume_type": "gp2",
                            "block_device_mappings.3689138532.no_device": "",
                            "block_device_mappings.3689138532.virtual_name": "",
                            "creation_date": "2018-04-10T22:57:27.000Z",
                            "description": "Ubuntu Server 16.04 with SQL Server 2017 Web Edition AMI provided by Amazon",
                            "filter.#": "4",
                            "filter.1281954306.name": "root-device-type",
                            "filter.1281954306.values.#": "1",
                            "filter.1281954306.values.0": "ebs",
                            "filter.1333133180.name": "name",
                            "filter.1333133180.values.#": "1",
                            "filter.1333133180.values.0": "ubuntu-xenial-16.04*",
                            "filter.3386043752.name": "architecture",
                            "filter.3386043752.values.#": "1",
                            "filter.3386043752.values.0": "x86_64",
                            "filter.490168357.name": "virtualization-type",
                            "filter.490168357.values.#": "1",
                            "filter.490168357.values.0": "hvm",
                            "hypervisor": "xen",
                            "id": "ami-8a0112ea",
                            "image_id": "ami-8a0112ea",
                            "image_location": "amazon/ubuntu-xenial-16.04-amd64-server-20180306-SQL_2017_Web-2018.04.10",
                            "image_owner_alias": "amazon",
                            "image_type": "machine",
                            "most_recent": "true",
                            "name": "ubuntu-xenial-16.04-amd64-server-20180306-SQL_2017_Web-2018.04.10",
                            "owner_id": "801119661308",
                            "owners.#": "1",
                            "owners.0": "amazon",
                            "product_codes.#": "0",
                            "public": "true",
                            "root_device_name": "/dev/xvda",
                            "root_device_type": "ebs",
                            "root_snapshot_id": "snap-0eff6405d03f7bcb8",
                            "sriov_net_support": "simple",
                            "state": "available",
                            "state_reason.%": "2",
                            "state_reason.code": "UNSET",
                            "state_reason.message": "UNSET",
                            "tags.%": "0",
                            "virtualization_type": "hvm"
                        },
                        "meta": {},
                        "tainted": false
                    },
                    "deposed": [],
                    "provider": "module.coinnode-us-west-1.provider.aws"
                }
            },
            "depends_on": []
        }
    ]
}
