{
    "version": 3,
    "terraform_version": "0.11.7",
    "serial": 21,
    "lineage": "b865340a-0738-c91f-9000-25bd6b286a7f",
    "modules": [
        {
            "path": [
                "root"
            ],
            "outputs": {},
            "resources": {},
            "depends_on": []
        },
        {
            "path": [
                "root",
                "coinnode-us-east-1"
            ],
            "outputs": {},
            "resources": {
                "aws_instance.karbo": {
                    "type": "aws_instance",
                    "depends_on": [
                        "aws_key_pair.local",
                        "aws_security_group.karbo",
                        "data.aws_ami.default"
                    ],
                    "primary": {
                        "id": "i-041b6bfdf9a0383fd",
                        "attributes": {
                            "ami": "ami-f9d10f86",
                            "associate_public_ip_address": "true",
                            "availability_zone": "us-east-1d",
                            "credit_specification.#": "1",
                            "credit_specification.0.cpu_credits": "standard",
                            "disable_api_termination": "false",
                            "ebs_block_device.#": "0",
                            "ebs_optimized": "false",
                            "ephemeral_block_device.#": "0",
                            "get_password_data": "false",
                            "iam_instance_profile": "",
                            "id": "i-041b6bfdf9a0383fd",
                            "instance_state": "running",
                            "instance_type": "t2.micro",
                            "ipv6_addresses.#": "0",
                            "key_name": "local",
                            "monitoring": "false",
                            "network_interface.#": "0",
                            "network_interface_id": "eni-0f2a10793d711840f",
                            "password_data": "",
                            "placement_group": "",
                            "primary_network_interface_id": "eni-0f2a10793d711840f",
                            "private_dns": "ip-172-31-82-109.ec2.internal",
                            "private_ip": "172.31.82.109",
                            "public_dns": "ec2-34-203-228-30.compute-1.amazonaws.com",
                            "public_ip": "34.203.228.30",
                            "root_block_device.#": "1",
                            "root_block_device.0.delete_on_termination": "true",
                            "root_block_device.0.iops": "100",
                            "root_block_device.0.volume_id": "vol-05dec2f76a4036327",
                            "root_block_device.0.volume_size": "10",
                            "root_block_device.0.volume_type": "gp2",
                            "security_groups.#": "1",
                            "security_groups.1995041013": "karbo",
                            "source_dest_check": "true",
                            "subnet_id": "subnet-6a818745",
                            "tags.%": "1",
                            "tags.Name": "coinnode-karbo",
                            "tenancy": "default",
                            "volume_tags.%": "0",
                            "vpc_security_group_ids.#": "1",
                            "vpc_security_group_ids.4186749913": "sg-08168432587ddc974"
                        },
                        "meta": {
                            "e2bfb730-ecaa-11e6-8f88-34363bc7c4c0": {
                                "create": 600000000000,
                                "delete": 1200000000000,
                                "update": 600000000000
                            },
                            "schema_version": "1"
                        },
                        "tainted": true
                    },
                    "deposed": [],
                    "provider": "module.coinnode-us-east-1.provider.aws"
                },
                "aws_key_pair.local": {
                    "type": "aws_key_pair",
                    "depends_on": [],
                    "primary": {
                        "id": "local",
                        "attributes": {
                            "fingerprint": "90:14:75:a7:e2:42:47:8c:11:d2:9c:d6:7d:91:52:59",
                            "id": "local",
                            "key_name": "local",
                            "public_key": "ssh-rsa AAAAB3NzaC1yc2EAAAADAQABAAABAQDDyHfIBLpGWzmOi35aSn7mjib+LN1GHKraWlas6aNW7lqB1QC0H2SnyDX3t9gPBbQ4ilnZWUf2/NK9DbxsnmQYb/XBEP0S5NfpALVYLgTudi5cBoQP8b9Z1/O9yUuIu0MTgETYYBrRT5mHVk0yMWiQ625RCjEQ1hDhVYQS5yO4k4T0yQYjZeGZmXZGL2J84+H5Hj+Og3cfWh3ndpqz93n7EAWHnIjNOKoyof8l59McKq36+K2cAJwE1r/ObZzM/vAT01q89Cqm4gMD+sB2/+GhqRmOaD/NmUYkBlQ6Sn8Cz0y6c1s6McUVZwUpIbbYKBgM6RVL/pT6w90lzfThX783 mour@lime.local"
                        },
                        "meta": {
                            "schema_version": "1"
                        },
                        "tainted": false
                    },
                    "deposed": [],
                    "provider": "module.coinnode-us-east-1.provider.aws"
                },
                "aws_security_group.karbo": {
                    "type": "aws_security_group",
                    "depends_on": [],
                    "primary": {
                        "id": "sg-08168432587ddc974",
                        "attributes": {
                            "arn": "arn:aws:ec2:us-east-1:397855807228:security-group/sg-08168432587ddc974",
                            "description": "Karbo Coin Vpc Rules",
                            "egress.#": "1",
                            "egress.1403647648.cidr_blocks.#": "1",
                            "egress.1403647648.cidr_blocks.0": "0.0.0.0/0",
                            "egress.1403647648.description": "",
                            "egress.1403647648.from_port": "0",
                            "egress.1403647648.ipv6_cidr_blocks.#": "0",
                            "egress.1403647648.prefix_list_ids.#": "0",
                            "egress.1403647648.protocol": "tcp",
                            "egress.1403647648.security_groups.#": "0",
                            "egress.1403647648.self": "false",
                            "egress.1403647648.to_port": "65535",
                            "id": "sg-08168432587ddc974",
                            "ingress.#": "2",
                            "ingress.2541437006.cidr_blocks.#": "1",
                            "ingress.2541437006.cidr_blocks.0": "0.0.0.0/0",
                            "ingress.2541437006.description": "",
                            "ingress.2541437006.from_port": "22",
                            "ingress.2541437006.ipv6_cidr_blocks.#": "0",
                            "ingress.2541437006.protocol": "tcp",
                            "ingress.2541437006.security_groups.#": "0",
                            "ingress.2541437006.self": "false",
                            "ingress.2541437006.to_port": "22",
                            "ingress.955351557.cidr_blocks.#": "1",
                            "ingress.955351557.cidr_blocks.0": "0.0.0.0/0",
                            "ingress.955351557.description": "",
                            "ingress.955351557.from_port": "32348",
                            "ingress.955351557.ipv6_cidr_blocks.#": "0",
                            "ingress.955351557.protocol": "tcp",
                            "ingress.955351557.security_groups.#": "0",
                            "ingress.955351557.self": "false",
                            "ingress.955351557.to_port": "32348",
                            "name": "karbo",
                            "owner_id": "397855807228",
                            "revoke_rules_on_delete": "false",
                            "tags.%": "1",
                            "tags.Name": "Karbo",
                            "vpc_id": "vpc-714cd50a"
                        },
                        "meta": {
                            "e2bfb730-ecaa-11e6-8f88-34363bc7c4c0": {
                                "create": 600000000000,
                                "delete": 600000000000
                            },
                            "schema_version": "1"
                        },
                        "tainted": false
                    },
                    "deposed": [],
                    "provider": "module.coinnode-us-east-1.provider.aws"
                },
                "data.aws_ami.default": {
                    "type": "aws_ami",
                    "depends_on": [],
                    "primary": {
                        "id": "ami-f9d10f86",
                        "attributes": {
                            "architecture": "x86_64",
                            "block_device_mappings.#": "1",
                            "block_device_mappings.3689138532.device_name": "/dev/xvda",
                            "block_device_mappings.3689138532.ebs.%": "6",
                            "block_device_mappings.3689138532.ebs.delete_on_termination": "true",
                            "block_device_mappings.3689138532.ebs.encrypted": "false",
                            "block_device_mappings.3689138532.ebs.iops": "0",
                            "block_device_mappings.3689138532.ebs.snapshot_id": "snap-090a9a55fe70be3e0",
                            "block_device_mappings.3689138532.ebs.volume_size": "10",
                            "block_device_mappings.3689138532.ebs.volume_type": "gp2",
                            "block_device_mappings.3689138532.no_device": "",
                            "block_device_mappings.3689138532.virtual_name": "",
                            "creation_date": "2018-04-10T20:17:17.000Z",
                            "description": "Ubuntu Server 16.04 with SQL Server 2017 Web Edition AMI provided by Amazon",
                            "filter.#": "4",
                            "filter.1281954306.name": "root-device-type",
                            "filter.1281954306.values.#": "1",
                            "filter.1281954306.values.0": "ebs",
                            "filter.1333133180.name": "name",
                            "filter.1333133180.values.#": "1",
                            "filter.1333133180.values.0": "ubuntu-xenial-16.04*",
                            "filter.3386043752.name": "architecture",
                            "filter.3386043752.values.#": "1",
                            "filter.3386043752.values.0": "x86_64",
                            "filter.490168357.name": "virtualization-type",
                            "filter.490168357.values.#": "1",
                            "filter.490168357.values.0": "hvm",
                            "hypervisor": "xen",
                            "id": "ami-f9d10f86",
                            "image_id": "ami-f9d10f86",
                            "image_location": "amazon/ubuntu-xenial-16.04-amd64-server-20180306-SQL_2017_Web-2018.04.10",
                            "image_owner_alias": "amazon",
                            "image_type": "machine",
                            "most_recent": "true",
                            "name": "ubuntu-xenial-16.04-amd64-server-20180306-SQL_2017_Web-2018.04.10",
                            "owner_id": "801119661308",
                            "owners.#": "1",
                            "owners.0": "amazon",
                            "product_codes.#": "0",
                            "public": "true",
                            "root_device_name": "/dev/xvda",
                            "root_device_type": "ebs",
                            "root_snapshot_id": "snap-090a9a55fe70be3e0",
                            "sriov_net_support": "simple",
                            "state": "available",
                            "state_reason.%": "2",
                            "state_reason.code": "UNSET",
                            "state_reason.message": "UNSET",
                            "tags.%": "0",
                            "virtualization_type": "hvm"
                        },
                        "meta": {},
                        "tainted": false
                    },
                    "deposed": [],
                    "provider": "module.coinnode-us-east-1.provider.aws"
                }
            },
            "depends_on": []
        },
        {
            "path": [
                "root",
                "coinnode-us-east-2"
            ],
            "outputs": {},
            "resources": {
                "aws_instance.karbo": {
                    "type": "aws_instance",
                    "depends_on": [
                        "aws_key_pair.local",
                        "aws_security_group.karbo",
                        "data.aws_ami.default"
                    ],
                    "primary": {
                        "id": "i-0202e70dd4a25d12b",
                        "attributes": {
                            "ami": "ami-80a898e5",
                            "associate_public_ip_address": "true",
                            "availability_zone": "us-east-2b",
                            "credit_specification.#": "1",
                            "credit_specification.0.cpu_credits": "standard",
                            "disable_api_termination": "false",
                            "ebs_block_device.#": "0",
                            "ebs_optimized": "false",
                            "ephemeral_block_device.#": "0",
                            "get_password_data": "false",
                            "iam_instance_profile": "",
                            "id": "i-0202e70dd4a25d12b",
                            "instance_state": "running",
                            "instance_type": "t2.micro",
                            "ipv6_addresses.#": "0",
                            "key_name": "local",
                            "monitoring": "false",
                            "network_interface.#": "0",
                            "network_interface_id": "eni-077952eec8050c19e",
                            "password_data": "",
                            "placement_group": "",
                            "primary_network_interface_id": "eni-077952eec8050c19e",
                            "private_dns": "ip-172-31-22-97.us-east-2.compute.internal",
                            "private_ip": "172.31.22.97",
                            "public_dns": "ec2-18-188-109-212.us-east-2.compute.amazonaws.com",
                            "public_ip": "18.188.109.212",
                            "root_block_device.#": "1",
                            "root_block_device.0.delete_on_termination": "true",
                            "root_block_device.0.iops": "100",
                            "root_block_device.0.volume_id": "vol-0cadfe5031bb57cf1",
                            "root_block_device.0.volume_size": "10",
                            "root_block_device.0.volume_type": "gp2",
                            "security_groups.#": "1",
                            "security_groups.1995041013": "karbo",
                            "source_dest_check": "true",
                            "subnet_id": "subnet-d01ed2aa",
                            "tags.%": "1",
                            "tags.Name": "coinnode-karbo",
                            "tenancy": "default",
                            "volume_tags.%": "0",
                            "vpc_security_group_ids.#": "1",
                            "vpc_security_group_ids.3970481417": "sg-01604c8595922e1f1"
                        },
                        "meta": {
                            "e2bfb730-ecaa-11e6-8f88-34363bc7c4c0": {
                                "create": 600000000000,
                                "delete": 1200000000000,
                                "update": 600000000000
                            },
                            "schema_version": "1"
                        },
                        "tainted": true
                    },
                    "deposed": [],
                    "provider": "module.coinnode-us-east-2.provider.aws"
                },
                "aws_key_pair.local": {
                    "type": "aws_key_pair",
                    "depends_on": [],
                    "primary": {
                        "id": "local",
                        "attributes": {
                            "fingerprint": "90:14:75:a7:e2:42:47:8c:11:d2:9c:d6:7d:91:52:59",
                            "id": "local",
                            "key_name": "local",
                            "public_key": "ssh-rsa AAAAB3NzaC1yc2EAAAADAQABAAABAQDDyHfIBLpGWzmOi35aSn7mjib+LN1GHKraWlas6aNW7lqB1QC0H2SnyDX3t9gPBbQ4ilnZWUf2/NK9DbxsnmQYb/XBEP0S5NfpALVYLgTudi5cBoQP8b9Z1/O9yUuIu0MTgETYYBrRT5mHVk0yMWiQ625RCjEQ1hDhVYQS5yO4k4T0yQYjZeGZmXZGL2J84+H5Hj+Og3cfWh3ndpqz93n7EAWHnIjNOKoyof8l59McKq36+K2cAJwE1r/ObZzM/vAT01q89Cqm4gMD+sB2/+GhqRmOaD/NmUYkBlQ6Sn8Cz0y6c1s6McUVZwUpIbbYKBgM6RVL/pT6w90lzfThX783 mour@lime.local"
                        },
                        "meta": {
                            "schema_version": "1"
                        },
                        "tainted": false
                    },
                    "deposed": [],
                    "provider": "module.coinnode-us-east-2.provider.aws"
                },
                "aws_security_group.karbo": {
                    "type": "aws_security_group",
                    "depends_on": [],
                    "primary": {
                        "id": "sg-01604c8595922e1f1",
                        "attributes": {
                            "arn": "arn:aws:ec2:us-east-2:397855807228:security-group/sg-01604c8595922e1f1",
                            "description": "Karbo Coin Vpc Rules",
                            "egress.#": "1",
                            "egress.1403647648.cidr_blocks.#": "1",
                            "egress.1403647648.cidr_blocks.0": "0.0.0.0/0",
                            "egress.1403647648.description": "",
                            "egress.1403647648.from_port": "0",
                            "egress.1403647648.ipv6_cidr_blocks.#": "0",
                            "egress.1403647648.prefix_list_ids.#": "0",
                            "egress.1403647648.protocol": "tcp",
                            "egress.1403647648.security_groups.#": "0",
                            "egress.1403647648.self": "false",
                            "egress.1403647648.to_port": "65535",
                            "id": "sg-01604c8595922e1f1",
                            "ingress.#": "2",
                            "ingress.2541437006.cidr_blocks.#": "1",
                            "ingress.2541437006.cidr_blocks.0": "0.0.0.0/0",
                            "ingress.2541437006.description": "",
                            "ingress.2541437006.from_port": "22",
                            "ingress.2541437006.ipv6_cidr_blocks.#": "0",
                            "ingress.2541437006.protocol": "tcp",
                            "ingress.2541437006.security_groups.#": "0",
                            "ingress.2541437006.self": "false",
                            "ingress.2541437006.to_port": "22",
                            "ingress.955351557.cidr_blocks.#": "1",
                            "ingress.955351557.cidr_blocks.0": "0.0.0.0/0",
                            "ingress.955351557.description": "",
                            "ingress.955351557.from_port": "32348",
                            "ingress.955351557.ipv6_cidr_blocks.#": "0",
                            "ingress.955351557.protocol": "tcp",
                            "ingress.955351557.security_groups.#": "0",
                            "ingress.955351557.self": "false",
                            "ingress.955351557.to_port": "32348",
                            "name": "karbo",
                            "owner_id": "397855807228",
                            "revoke_rules_on_delete": "false",
                            "tags.%": "1",
                            "tags.Name": "Karbo",
                            "vpc_id": "vpc-60ac3108"
                        },
                        "meta": {
                            "e2bfb730-ecaa-11e6-8f88-34363bc7c4c0": {
                                "create": 600000000000,
                                "delete": 600000000000
                            },
                            "schema_version": "1"
                        },
                        "tainted": false
                    },
                    "deposed": [],
                    "provider": "module.coinnode-us-east-2.provider.aws"
                },
                "data.aws_ami.default": {
                    "type": "aws_ami",
                    "depends_on": [],
                    "primary": {
                        "id": "ami-80a898e5",
                        "attributes": {
                            "architecture": "x86_64",
                            "block_device_mappings.#": "1",
                            "block_device_mappings.3689138532.device_name": "/dev/xvda",
                            "block_device_mappings.3689138532.ebs.%": "6",
                            "block_device_mappings.3689138532.ebs.delete_on_termination": "true",
                            "block_device_mappings.3689138532.ebs.encrypted": "false",
                            "block_device_mappings.3689138532.ebs.iops": "0",
                            "block_device_mappings.3689138532.ebs.snapshot_id": "snap-042a0c9ce220be856",
                            "block_device_mappings.3689138532.ebs.volume_size": "10",
                            "block_device_mappings.3689138532.ebs.volume_type": "gp2",
                            "block_device_mappings.3689138532.no_device": "",
                            "block_device_mappings.3689138532.virtual_name": "",
                            "creation_date": "2018-04-10T22:57:18.000Z",
                            "description": "Ubuntu Server 16.04 with SQL Server 2017 Web Edition AMI provided by Amazon",
                            "filter.#": "4",
                            "filter.1281954306.name": "root-device-type",
                            "filter.1281954306.values.#": "1",
                            "filter.1281954306.values.0": "ebs",
                            "filter.1333133180.name": "name",
                            "filter.1333133180.values.#": "1",
                            "filter.1333133180.values.0": "ubuntu-xenial-16.04*",
                            "filter.3386043752.name": "architecture",
                            "filter.3386043752.values.#": "1",
                            "filter.3386043752.values.0": "x86_64",
                            "filter.490168357.name": "virtualization-type",
                            "filter.490168357.values.#": "1",
                            "filter.490168357.values.0": "hvm",
                            "hypervisor": "xen",
                            "id": "ami-80a898e5",
                            "image_id": "ami-80a898e5",
                            "image_location": "amazon/ubuntu-xenial-16.04-amd64-server-20180306-SQL_2017_Web-2018.04.10",
                            "image_owner_alias": "amazon",
                            "image_type": "machine",
                            "most_recent": "true",
                            "name": "ubuntu-xenial-16.04-amd64-server-20180306-SQL_2017_Web-2018.04.10",
                            "owner_id": "801119661308",
                            "owners.#": "1",
                            "owners.0": "amazon",
                            "product_codes.#": "0",
                            "public": "true",
                            "root_device_name": "/dev/xvda",
                            "root_device_type": "ebs",
                            "root_snapshot_id": "snap-042a0c9ce220be856",
                            "sriov_net_support": "simple",
                            "state": "available",
                            "state_reason.%": "2",
                            "state_reason.code": "UNSET",
                            "state_reason.message": "UNSET",
                            "tags.%": "0",
                            "virtualization_type": "hvm"
                        },
                        "meta": {},
                        "tainted": false
                    },
                    "deposed": [],
                    "provider": "module.coinnode-us-east-2.provider.aws"
                }
            },
            "depends_on": []
        },
        {
            "path": [
                "root",
                "coinnode-us-west-1"
            ],
            "outputs": {},
            "resources": {
                "aws_instance.karbo": {
                    "type": "aws_instance",
                    "depends_on": [
                        "aws_key_pair.local",
                        "aws_security_group.karbo",
                        "data.aws_ami.default"
                    ],
                    "primary": {
                        "id": "i-080bd2dda42fd1dc3",
                        "attributes": {
                            "ami": "ami-8a0112ea",
                            "associate_public_ip_address": "true",
                            "availability_zone": "us-west-1b",
                            "credit_specification.#": "1",
                            "credit_specification.0.cpu_credits": "standard",
                            "disable_api_termination": "false",
                            "ebs_block_device.#": "0",
                            "ebs_optimized": "false",
                            "ephemeral_block_device.#": "0",
                            "get_password_data": "false",
                            "iam_instance_profile": "",
                            "id": "i-080bd2dda42fd1dc3",
                            "instance_state": "running",
                            "instance_type": "t2.micro",
                            "ipv6_addresses.#": "0",
                            "key_name": "local",
                            "monitoring": "false",
                            "network_interface.#": "0",
                            "network_interface_id": "eni-0991fe8c0d8b37dc0",
                            "password_data": "",
                            "placement_group": "",
                            "primary_network_interface_id": "eni-0991fe8c0d8b37dc0",
                            "private_dns": "ip-172-31-2-145.us-west-1.compute.internal",
                            "private_ip": "172.31.2.145",
                            "public_dns": "ec2-54-67-18-64.us-west-1.compute.amazonaws.com",
                            "public_ip": "54.67.18.64",
                            "root_block_device.#": "1",
                            "root_block_device.0.delete_on_termination": "true",
                            "root_block_device.0.iops": "100",
                            "root_block_device.0.volume_id": "vol-0899b0303de1a9870",
                            "root_block_device.0.volume_size": "10",
                            "root_block_device.0.volume_type": "gp2",
                            "security_groups.#": "1",
                            "security_groups.1995041013": "karbo",
                            "source_dest_check": "true",
                            "subnet_id": "subnet-f75d30ac",
                            "tags.%": "1",
                            "tags.Name": "coinnode-karbo",
                            "tenancy": "default",
                            "volume_tags.%": "0",
                            "vpc_security_group_ids.#": "1",
                            "vpc_security_group_ids.2733869534": "sg-0c646243551aad1ea"
                        },
                        "meta": {
                            "e2bfb730-ecaa-11e6-8f88-34363bc7c4c0": {
                                "create": 600000000000,
                                "delete": 1200000000000,
                                "update": 600000000000
                            },
                            "schema_version": "1"
                        },
                        "tainted": true
                    },
                    "deposed": [],
                    "provider": "module.coinnode-us-west-1.provider.aws"
                },
                "aws_key_pair.local": {
                    "type": "aws_key_pair",
                    "depends_on": [],
                    "primary": {
                        "id": "local",
                        "attributes": {
                            "fingerprint": "90:14:75:a7:e2:42:47:8c:11:d2:9c:d6:7d:91:52:59",
                            "id": "local",
                            "key_name": "local",
                            "public_key": "ssh-rsa AAAAB3NzaC1yc2EAAAADAQABAAABAQDDyHfIBLpGWzmOi35aSn7mjib+LN1GHKraWlas6aNW7lqB1QC0H2SnyDX3t9gPBbQ4ilnZWUf2/NK9DbxsnmQYb/XBEP0S5NfpALVYLgTudi5cBoQP8b9Z1/O9yUuIu0MTgETYYBrRT5mHVk0yMWiQ625RCjEQ1hDhVYQS5yO4k4T0yQYjZeGZmXZGL2J84+H5Hj+Og3cfWh3ndpqz93n7EAWHnIjNOKoyof8l59McKq36+K2cAJwE1r/ObZzM/vAT01q89Cqm4gMD+sB2/+GhqRmOaD/NmUYkBlQ6Sn8Cz0y6c1s6McUVZwUpIbbYKBgM6RVL/pT6w90lzfThX783 mour@lime.local"
                        },
                        "meta": {
                            "schema_version": "1"
                        },
                        "tainted": false
                    },
                    "deposed": [],
                    "provider": "module.coinnode-us-west-1.provider.aws"
                },
                "aws_security_group.karbo": {
                    "type": "aws_security_group",
                    "depends_on": [],
                    "primary": {
                        "id": "sg-0c646243551aad1ea",
                        "attributes": {
                            "arn": "arn:aws:ec2:us-west-1:397855807228:security-group/sg-0c646243551aad1ea",
                            "description": "Karbo Coin Vpc Rules",
                            "egress.#": "1",
                            "egress.1403647648.cidr_blocks.#": "1",
                            "egress.1403647648.cidr_blocks.0": "0.0.0.0/0",
                            "egress.1403647648.description": "",
                            "egress.1403647648.from_port": "0",
                            "egress.1403647648.ipv6_cidr_blocks.#": "0",
                            "egress.1403647648.prefix_list_ids.#": "0",
                            "egress.1403647648.protocol": "tcp",
                            "egress.1403647648.security_groups.#": "0",
                            "egress.1403647648.self": "false",
                            "egress.1403647648.to_port": "65535",
                            "id": "sg-0c646243551aad1ea",
                            "ingress.#": "2",
                            "ingress.2541437006.cidr_blocks.#": "1",
                            "ingress.2541437006.cidr_blocks.0": "0.0.0.0/0",
                            "ingress.2541437006.description": "",
                            "ingress.2541437006.from_port": "22",
                            "ingress.2541437006.ipv6_cidr_blocks.#": "0",
                            "ingress.2541437006.protocol": "tcp",
                            "ingress.2541437006.security_groups.#": "0",
                            "ingress.2541437006.self": "false",
                            "ingress.2541437006.to_port": "22",
                            "ingress.955351557.cidr_blocks.#": "1",
                            "ingress.955351557.cidr_blocks.0": "0.0.0.0/0",
                            "ingress.955351557.description": "",
                            "ingress.955351557.from_port": "32348",
                            "ingress.955351557.ipv6_cidr_blocks.#": "0",
                            "ingress.955351557.protocol": "tcp",
                            "ingress.955351557.security_groups.#": "0",
                            "ingress.955351557.self": "false",
                            "ingress.955351557.to_port": "32348",
                            "name": "karbo",
                            "owner_id": "397855807228",
                            "revoke_rules_on_delete": "false",
                            "tags.%": "1",
                            "tags.Name": "Karbo",
                            "vpc_id": "vpc-51c24c36"
                        },
                        "meta": {
                            "e2bfb730-ecaa-11e6-8f88-34363bc7c4c0": {
                                "create": 600000000000,
                                "delete": 600000000000
                            },
                            "schema_version": "1"
                        },
                        "tainted": false
                    },
                    "deposed": [],
                    "provider": "module.coinnode-us-west-1.provider.aws"
                },
                "data.aws_ami.default": {
                    "type": "aws_ami",
                    "depends_on": [],
                    "primary": {
                        "id": "ami-8a0112ea",
                        "attributes": {
                            "architecture": "x86_64",
                            "block_device_mappings.#": "1",
                            "block_device_mappings.3689138532.device_name": "/dev/xvda",
                            "block_device_mappings.3689138532.ebs.%": "6",
                            "block_device_mappings.3689138532.ebs.delete_on_termination": "true",
                            "block_device_mappings.3689138532.ebs.encrypted": "false",
                            "block_device_mappings.3689138532.ebs.iops": "0",
                            "block_device_mappings.3689138532.ebs.snapshot_id": "snap-0eff6405d03f7bcb8",
                            "block_device_mappings.3689138532.ebs.volume_size": "10",
                            "block_device_mappings.3689138532.ebs.volume_type": "gp2",
                            "block_device_mappings.3689138532.no_device": "",
                            "block_device_mappings.3689138532.virtual_name": "",
                            "creation_date": "2018-04-10T22:57:27.000Z",
                            "description": "Ubuntu Server 16.04 with SQL Server 2017 Web Edition AMI provided by Amazon",
                            "filter.#": "4",
                            "filter.1281954306.name": "root-device-type",
                            "filter.1281954306.values.#": "1",
                            "filter.1281954306.values.0": "ebs",
                            "filter.1333133180.name": "name",
                            "filter.1333133180.values.#": "1",
                            "filter.1333133180.values.0": "ubuntu-xenial-16.04*",
                            "filter.3386043752.name": "architecture",
                            "filter.3386043752.values.#": "1",
                            "filter.3386043752.values.0": "x86_64",
                            "filter.490168357.name": "virtualization-type",
                            "filter.490168357.values.#": "1",
                            "filter.490168357.values.0": "hvm",
                            "hypervisor": "xen",
                            "id": "ami-8a0112ea",
                            "image_id": "ami-8a0112ea",
                            "image_location": "amazon/ubuntu-xenial-16.04-amd64-server-20180306-SQL_2017_Web-2018.04.10",
                            "image_owner_alias": "amazon",
                            "image_type": "machine",
                            "most_recent": "true",
                            "name": "ubuntu-xenial-16.04-amd64-server-20180306-SQL_2017_Web-2018.04.10",
                            "owner_id": "801119661308",
                            "owners.#": "1",
                            "owners.0": "amazon",
                            "product_codes.#": "0",
                            "public": "true",
                            "root_device_name": "/dev/xvda",
                            "root_device_type": "ebs",
                            "root_snapshot_id": "snap-0eff6405d03f7bcb8",
                            "sriov_net_support": "simple",
                            "state": "available",
                            "state_reason.%": "2",
                            "state_reason.code": "UNSET",
                            "state_reason.message": "UNSET",
                            "tags.%": "0",
                            "virtualization_type": "hvm"
                        },
                        "meta": {},
                        "tainted": false
                    },
                    "deposed": [],
                    "provider": "module.coinnode-us-west-1.provider.aws"
                }
            },
            "depends_on": []
        }
    ]
}
